// !$*UTF8*$!
{
	archiveVersion = 1;
	classes = {
	};
	objectVersion = 77;
	objects = {

/* Begin PBXBuildFile section */
		0B03DF242D191DE600266C86 /* FirebaseAnalytics in Frameworks */ = {isa = PBXBuildFile; productRef = 0B03DF232D191DE600266C86 /* FirebaseAnalytics */; };
		0B03DF262D191DE600266C86 /* FirebaseAnalyticsOnDeviceConversion in Frameworks */ = {isa = PBXBuildFile; productRef = 0B03DF252D191DE600266C86 /* FirebaseAnalyticsOnDeviceConversion */; };
		0B03DF282D191DE600266C86 /* FirebaseAuth in Frameworks */ = {isa = PBXBuildFile; productRef = 0B03DF272D191DE600266C86 /* FirebaseAuth */; };
		0B03DF2A2D191DE600266C86 /* FirebaseCore in Frameworks */ = {isa = PBXBuildFile; productRef = 0B03DF292D191DE600266C86 /* FirebaseCore */; };
		0B03DF2C2D191DE600266C86 /* FirebaseDatabase in Frameworks */ = {isa = PBXBuildFile; productRef = 0B03DF2B2D191DE600266C86 /* FirebaseDatabase */; };
		0B03DF2E2D191DE600266C86 /* FirebaseStorage in Frameworks */ = {isa = PBXBuildFile; productRef = 0B03DF2D2D191DE600266C86 /* FirebaseStorage */; };
		0B03DF762D1D0BAF00266C86 /* FirebaseFirestore in Frameworks */ = {isa = PBXBuildFile; productRef = 0B03DF752D1D0BAF00266C86 /* FirebaseFirestore */; };
/* End PBXBuildFile section */

/* Begin PBXContainerItemProxy section */
		0B03DF042D19194E00266C86 /* PBXContainerItemProxy */ = {
			isa = PBXContainerItemProxy;
			containerPortal = 0B03DEEB2D19194C00266C86 /* Project object */;
			proxyType = 1;
			remoteGlobalIDString = 0B03DEF22D19194C00266C86;
			remoteInfo = Poli;
		};
		0B03DF0E2D19194E00266C86 /* PBXContainerItemProxy */ = {
			isa = PBXContainerItemProxy;
			containerPortal = 0B03DEEB2D19194C00266C86 /* Project object */;
			proxyType = 1;
			remoteGlobalIDString = 0B03DEF22D19194C00266C86;
			remoteInfo = Poli;
		};
/* End PBXContainerItemProxy section */

/* Begin PBXFileReference section */
		0B03DEF32D19194C00266C86 /* Poli.app */ = {isa = PBXFileReference; explicitFileType = wrapper.application; includeInIndex = 0; path = Poli.app; sourceTree = BUILT_PRODUCTS_DIR; };
		0B03DF032D19194E00266C86 /* PoliTests.xctest */ = {isa = PBXFileReference; explicitFileType = wrapper.cfbundle; includeInIndex = 0; path = PoliTests.xctest; sourceTree = BUILT_PRODUCTS_DIR; };
		0B03DF0D2D19194E00266C86 /* PoliUITests.xctest */ = {isa = PBXFileReference; explicitFileType = wrapper.cfbundle; includeInIndex = 0; path = PoliUITests.xctest; sourceTree = BUILT_PRODUCTS_DIR; };
/* End PBXFileReference section */

/* Begin PBXFileSystemSynchronizedRootGroup section */
		0B03DEF52D19194C00266C86 /* Poli */ = {
			isa = PBXFileSystemSynchronizedRootGroup;
			path = Poli;
			sourceTree = "<group>";
		};
		0B03DF062D19194E00266C86 /* PoliTests */ = {
			isa = PBXFileSystemSynchronizedRootGroup;
			path = PoliTests;
			sourceTree = "<group>";
		};
		0B03DF102D19194E00266C86 /* PoliUITests */ = {
			isa = PBXFileSystemSynchronizedRootGroup;
			path = PoliUITests;
			sourceTree = "<group>";
		};
/* End PBXFileSystemSynchronizedRootGroup section */

/* Begin PBXFrameworksBuildPhase section */
		0B03DEF02D19194C00266C86 /* Frameworks */ = {
			isa = PBXFrameworksBuildPhase;
			buildActionMask = 2147483647;
			files = (
				0B03DF2C2D191DE600266C86 /* FirebaseDatabase in Frameworks */,
				0B03DF242D191DE600266C86 /* FirebaseAnalytics in Frameworks */,
				0B03DF282D191DE600266C86 /* FirebaseAuth in Frameworks */,
				0B03DF2A2D191DE600266C86 /* FirebaseCore in Frameworks */,
				0B03DF262D191DE600266C86 /* FirebaseAnalyticsOnDeviceConversion in Frameworks */,
				0B03DF2E2D191DE600266C86 /* FirebaseStorage in Frameworks */,
				0B03DF762D1D0BAF00266C86 /* FirebaseFirestore in Frameworks */,
			);
			runOnlyForDeploymentPostprocessing = 0;
		};
		0B03DF002D19194E00266C86 /* Frameworks */ = {
			isa = PBXFrameworksBuildPhase;
			buildActionMask = 2147483647;
			files = (
			);
			runOnlyForDeploymentPostprocessing = 0;
		};
		0B03DF0A2D19194E00266C86 /* Frameworks */ = {
			isa = PBXFrameworksBuildPhase;
			buildActionMask = 2147483647;
			files = (
			);
			runOnlyForDeploymentPostprocessing = 0;
		};
/* End PBXFrameworksBuildPhase section */

/* Begin PBXGroup section */
		0B03DEEA2D19194C00266C86 = {
			isa = PBXGroup;
			children = (
				0B03DEF52D19194C00266C86 /* Poli */,
				0B03DF062D19194E00266C86 /* PoliTests */,
				0B03DF102D19194E00266C86 /* PoliUITests */,
				0B03DEF42D19194C00266C86 /* Products */,
			);
			sourceTree = "<group>";
		};
		0B03DEF42D19194C00266C86 /* Products */ = {
			isa = PBXGroup;
			children = (
				0B03DEF32D19194C00266C86 /* Poli.app */,
				0B03DF032D19194E00266C86 /* PoliTests.xctest */,
				0B03DF0D2D19194E00266C86 /* PoliUITests.xctest */,
			);
			name = Products;
			sourceTree = "<group>";
		};
/* End PBXGroup section */

/* Begin PBXNativeTarget section */
		0B03DEF22D19194C00266C86 /* Poli */ = {
			isa = PBXNativeTarget;
			buildConfigurationList = 0B03DF172D19194E00266C86 /* Build configuration list for PBXNativeTarget "Poli" */;
			buildPhases = (
				0B03DEEF2D19194C00266C86 /* Sources */,
				0B03DEF02D19194C00266C86 /* Frameworks */,
				0B03DEF12D19194C00266C86 /* Resources */,
			);
			buildRules = (
			);
			dependencies = (
			);
			fileSystemSynchronizedGroups = (
				0B03DEF52D19194C00266C86 /* Poli */,
			);
			name = Poli;
			packageProductDependencies = (
				0B03DF232D191DE600266C86 /* FirebaseAnalytics */,
				0B03DF252D191DE600266C86 /* FirebaseAnalyticsOnDeviceConversion */,
				0B03DF272D191DE600266C86 /* FirebaseAuth */,
				0B03DF292D191DE600266C86 /* FirebaseCore */,
				0B03DF2B2D191DE600266C86 /* FirebaseDatabase */,
				0B03DF2D2D191DE600266C86 /* FirebaseStorage */,
				0B03DF752D1D0BAF00266C86 /* FirebaseFirestore */,
			);
			productName = Poli;
			productReference = 0B03DEF32D19194C00266C86 /* Poli.app */;
			productType = "com.apple.product-type.application";
		};
		0B03DF022D19194E00266C86 /* PoliTests */ = {
			isa = PBXNativeTarget;
			buildConfigurationList = 0B03DF1A2D19194E00266C86 /* Build configuration list for PBXNativeTarget "PoliTests" */;
			buildPhases = (
				0B03DEFF2D19194E00266C86 /* Sources */,
				0B03DF002D19194E00266C86 /* Frameworks */,
				0B03DF012D19194E00266C86 /* Resources */,
			);
			buildRules = (
			);
			dependencies = (
				0B03DF052D19194E00266C86 /* PBXTargetDependency */,
			);
			fileSystemSynchronizedGroups = (
				0B03DF062D19194E00266C86 /* PoliTests */,
			);
			name = PoliTests;
			packageProductDependencies = (
			);
			productName = PoliTests;
			productReference = 0B03DF032D19194E00266C86 /* PoliTests.xctest */;
			productType = "com.apple.product-type.bundle.unit-test";
		};
		0B03DF0C2D19194E00266C86 /* PoliUITests */ = {
			isa = PBXNativeTarget;
			buildConfigurationList = 0B03DF1D2D19194E00266C86 /* Build configuration list for PBXNativeTarget "PoliUITests" */;
			buildPhases = (
				0B03DF092D19194E00266C86 /* Sources */,
				0B03DF0A2D19194E00266C86 /* Frameworks */,
				0B03DF0B2D19194E00266C86 /* Resources */,
			);
			buildRules = (
			);
			dependencies = (
				0B03DF0F2D19194E00266C86 /* PBXTargetDependency */,
			);
			fileSystemSynchronizedGroups = (
				0B03DF102D19194E00266C86 /* PoliUITests */,
			);
			name = PoliUITests;
			packageProductDependencies = (
			);
			productName = PoliUITests;
			productReference = 0B03DF0D2D19194E00266C86 /* PoliUITests.xctest */;
			productType = "com.apple.product-type.bundle.ui-testing";
		};
/* End PBXNativeTarget section */

/* Begin PBXProject section */
		0B03DEEB2D19194C00266C86 /* Project object */ = {
			isa = PBXProject;
			attributes = {
				BuildIndependentTargetsInParallel = 1;
				LastSwiftUpdateCheck = 1610;
				LastUpgradeCheck = 1610;
				TargetAttributes = {
					0B03DEF22D19194C00266C86 = {
						CreatedOnToolsVersion = 16.1;
					};
					0B03DF022D19194E00266C86 = {
						CreatedOnToolsVersion = 16.1;
						TestTargetID = 0B03DEF22D19194C00266C86;
					};
					0B03DF0C2D19194E00266C86 = {
						CreatedOnToolsVersion = 16.1;
						TestTargetID = 0B03DEF22D19194C00266C86;
					};
				};
			};
			buildConfigurationList = 0B03DEEE2D19194C00266C86 /* Build configuration list for PBXProject "Poli" */;
			developmentRegion = en;
			hasScannedForEncodings = 0;
			knownRegions = (
				en,
				Base,
			);
			mainGroup = 0B03DEEA2D19194C00266C86;
			minimizedProjectReferenceProxies = 1;
			packageReferences = (
				0B03DF222D191DE600266C86 /* XCRemoteSwiftPackageReference "firebase-ios-sdk" */,
			);
			preferredProjectObjectVersion = 77;
			productRefGroup = 0B03DEF42D19194C00266C86 /* Products */;
			projectDirPath = "";
			projectRoot = "";
			targets = (
				0B03DEF22D19194C00266C86 /* Poli */,
				0B03DF022D19194E00266C86 /* PoliTests */,
				0B03DF0C2D19194E00266C86 /* PoliUITests */,
			);
		};
/* End PBXProject section */

/* Begin PBXResourcesBuildPhase section */
		0B03DEF12D19194C00266C86 /* Resources */ = {
			isa = PBXResourcesBuildPhase;
			buildActionMask = 2147483647;
			files = (
			);
			runOnlyForDeploymentPostprocessing = 0;
		};
		0B03DF012D19194E00266C86 /* Resources */ = {
			isa = PBXResourcesBuildPhase;
			buildActionMask = 2147483647;
			files = (
			);
			runOnlyForDeploymentPostprocessing = 0;
		};
		0B03DF0B2D19194E00266C86 /* Resources */ = {
			isa = PBXResourcesBuildPhase;
			buildActionMask = 2147483647;
			files = (
			);
			runOnlyForDeploymentPostprocessing = 0;
		};
/* End PBXResourcesBuildPhase section */

/* Begin PBXSourcesBuildPhase section */
		0B03DEEF2D19194C00266C86 /* Sources */ = {
			isa = PBXSourcesBuildPhase;
			buildActionMask = 2147483647;
			files = (
			);
			runOnlyForDeploymentPostprocessing = 0;
		};
		0B03DEFF2D19194E00266C86 /* Sources */ = {
			isa = PBXSourcesBuildPhase;
			buildActionMask = 2147483647;
			files = (
			);
			runOnlyForDeploymentPostprocessing = 0;
		};
		0B03DF092D19194E00266C86 /* Sources */ = {
			isa = PBXSourcesBuildPhase;
			buildActionMask = 2147483647;
			files = (
			);
			runOnlyForDeploymentPostprocessing = 0;
		};
/* End PBXSourcesBuildPhase section */

/* Begin PBXTargetDependency section */
		0B03DF052D19194E00266C86 /* PBXTargetDependency */ = {
			isa = PBXTargetDependency;
			target = 0B03DEF22D19194C00266C86 /* Poli */;
			targetProxy = 0B03DF042D19194E00266C86 /* PBXContainerItemProxy */;
		};
		0B03DF0F2D19194E00266C86 /* PBXTargetDependency */ = {
			isa = PBXTargetDependency;
			target = 0B03DEF22D19194C00266C86 /* Poli */;
			targetProxy = 0B03DF0E2D19194E00266C86 /* PBXContainerItemProxy */;
		};
/* End PBXTargetDependency section */

/* Begin XCBuildConfiguration section */
		0B03DF152D19194E00266C86 /* Debug */ = {
			isa = XCBuildConfiguration;
			buildSettings = {
				ALWAYS_SEARCH_USER_PATHS = NO;
				ASSETCATALOG_COMPILER_GENERATE_SWIFT_ASSET_SYMBOL_EXTENSIONS = YES;
				CLANG_ANALYZER_NONNULL = YES;
				CLANG_ANALYZER_NUMBER_OBJECT_CONVERSION = YES_AGGRESSIVE;
				CLANG_CXX_LANGUAGE_STANDARD = "gnu++20";
				CLANG_ENABLE_MODULES = YES;
				CLANG_ENABLE_OBJC_ARC = YES;
				CLANG_ENABLE_OBJC_WEAK = YES;
				CLANG_WARN_BLOCK_CAPTURE_AUTORELEASING = YES;
				CLANG_WARN_BOOL_CONVERSION = YES;
				CLANG_WARN_COMMA = YES;
				CLANG_WARN_CONSTANT_CONVERSION = YES;
				CLANG_WARN_DEPRECATED_OBJC_IMPLEMENTATIONS = YES;
				CLANG_WARN_DIRECT_OBJC_ISA_USAGE = YES_ERROR;
				CLANG_WARN_DOCUMENTATION_COMMENTS = YES;
				CLANG_WARN_EMPTY_BODY = YES;
				CLANG_WARN_ENUM_CONVERSION = YES;
				CLANG_WARN_INFINITE_RECURSION = YES;
				CLANG_WARN_INT_CONVERSION = YES;
				CLANG_WARN_NON_LITERAL_NULL_CONVERSION = YES;
				CLANG_WARN_OBJC_IMPLICIT_RETAIN_SELF = YES;
				CLANG_WARN_OBJC_LITERAL_CONVERSION = YES;
				CLANG_WARN_OBJC_ROOT_CLASS = YES_ERROR;
				CLANG_WARN_QUOTED_INCLUDE_IN_FRAMEWORK_HEADER = YES;
				CLANG_WARN_RANGE_LOOP_ANALYSIS = YES;
				CLANG_WARN_STRICT_PROTOTYPES = YES;
				CLANG_WARN_SUSPICIOUS_MOVE = YES;
				CLANG_WARN_UNGUARDED_AVAILABILITY = YES_AGGRESSIVE;
				CLANG_WARN_UNREACHABLE_CODE = YES;
				CLANG_WARN__DUPLICATE_METHOD_MATCH = YES;
				COPY_PHASE_STRIP = NO;
				DEBUG_INFORMATION_FORMAT = dwarf;
				ENABLE_STRICT_OBJC_MSGSEND = YES;
				ENABLE_TESTABILITY = YES;
				ENABLE_USER_SCRIPT_SANDBOXING = YES;
				GCC_C_LANGUAGE_STANDARD = gnu17;
				GCC_DYNAMIC_NO_PIC = NO;
				GCC_NO_COMMON_BLOCKS = YES;
				GCC_OPTIMIZATION_LEVEL = 0;
				GCC_PREPROCESSOR_DEFINITIONS = (
					"DEBUG=1",
					"$(inherited)",
				);
				GCC_WARN_64_TO_32_BIT_CONVERSION = YES;
				GCC_WARN_ABOUT_RETURN_TYPE = YES_ERROR;
				GCC_WARN_UNDECLARED_SELECTOR = YES;
				GCC_WARN_UNINITIALIZED_AUTOS = YES_AGGRESSIVE;
				GCC_WARN_UNUSED_FUNCTION = YES;
				GCC_WARN_UNUSED_VARIABLE = YES;
				IPHONEOS_DEPLOYMENT_TARGET = 18.1;
				LOCALIZATION_PREFERS_STRING_CATALOGS = YES;
				MTL_ENABLE_DEBUG_INFO = INCLUDE_SOURCE;
				MTL_FAST_MATH = YES;
				ONLY_ACTIVE_ARCH = YES;
				SDKROOT = iphoneos;
				SWIFT_ACTIVE_COMPILATION_CONDITIONS = "DEBUG $(inherited)";
				SWIFT_OPTIMIZATION_LEVEL = "-Onone";
			};
			name = Debug;
		};
		0B03DF162D19194E00266C86 /* Release */ = {
			isa = XCBuildConfiguration;
			buildSettings = {
				ALWAYS_SEARCH_USER_PATHS = NO;
				ASSETCATALOG_COMPILER_GENERATE_SWIFT_ASSET_SYMBOL_EXTENSIONS = YES;
				CLANG_ANALYZER_NONNULL = YES;
				CLANG_ANALYZER_NUMBER_OBJECT_CONVERSION = YES_AGGRESSIVE;
				CLANG_CXX_LANGUAGE_STANDARD = "gnu++20";
				CLANG_ENABLE_MODULES = YES;
				CLANG_ENABLE_OBJC_ARC = YES;
				CLANG_ENABLE_OBJC_WEAK = YES;
				CLANG_WARN_BLOCK_CAPTURE_AUTORELEASING = YES;
				CLANG_WARN_BOOL_CONVERSION = YES;
				CLANG_WARN_COMMA = YES;
				CLANG_WARN_CONSTANT_CONVERSION = YES;
				CLANG_WARN_DEPRECATED_OBJC_IMPLEMENTATIONS = YES;
				CLANG_WARN_DIRECT_OBJC_ISA_USAGE = YES_ERROR;
				CLANG_WARN_DOCUMENTATION_COMMENTS = YES;
				CLANG_WARN_EMPTY_BODY = YES;
				CLANG_WARN_ENUM_CONVERSION = YES;
				CLANG_WARN_INFINITE_RECURSION = YES;
				CLANG_WARN_INT_CONVERSION = YES;
				CLANG_WARN_NON_LITERAL_NULL_CONVERSION = YES;
				CLANG_WARN_OBJC_IMPLICIT_RETAIN_SELF = YES;
				CLANG_WARN_OBJC_LITERAL_CONVERSION = YES;
				CLANG_WARN_OBJC_ROOT_CLASS = YES_ERROR;
				CLANG_WARN_QUOTED_INCLUDE_IN_FRAMEWORK_HEADER = YES;
				CLANG_WARN_RANGE_LOOP_ANALYSIS = YES;
				CLANG_WARN_STRICT_PROTOTYPES = YES;
				CLANG_WARN_SUSPICIOUS_MOVE = YES;
				CLANG_WARN_UNGUARDED_AVAILABILITY = YES_AGGRESSIVE;
				CLANG_WARN_UNREACHABLE_CODE = YES;
				CLANG_WARN__DUPLICATE_METHOD_MATCH = YES;
				COPY_PHASE_STRIP = NO;
				DEBUG_INFORMATION_FORMAT = "dwarf-with-dsym";
				ENABLE_NS_ASSERTIONS = NO;
				ENABLE_STRICT_OBJC_MSGSEND = YES;
				ENABLE_USER_SCRIPT_SANDBOXING = YES;
				GCC_C_LANGUAGE_STANDARD = gnu17;
				GCC_NO_COMMON_BLOCKS = YES;
				GCC_WARN_64_TO_32_BIT_CONVERSION = YES;
				GCC_WARN_ABOUT_RETURN_TYPE = YES_ERROR;
				GCC_WARN_UNDECLARED_SELECTOR = YES;
				GCC_WARN_UNINITIALIZED_AUTOS = YES_AGGRESSIVE;
				GCC_WARN_UNUSED_FUNCTION = YES;
				GCC_WARN_UNUSED_VARIABLE = YES;
				IPHONEOS_DEPLOYMENT_TARGET = 18.1;
				LOCALIZATION_PREFERS_STRING_CATALOGS = YES;
				MTL_ENABLE_DEBUG_INFO = NO;
				MTL_FAST_MATH = YES;
				SDKROOT = iphoneos;
				SWIFT_COMPILATION_MODE = wholemodule;
				VALIDATE_PRODUCT = YES;
			};
			name = Release;
		};
		0B03DF182D19194E00266C86 /* Debug */ = {
			isa = XCBuildConfiguration;
			buildSettings = {
				ASSETCATALOG_COMPILER_APPICON_NAME = AppIcon;
				ASSETCATALOG_COMPILER_GLOBAL_ACCENT_COLOR_NAME = AccentColor;
				CODE_SIGN_STYLE = Automatic;
				CURRENT_PROJECT_VERSION = 1;
				DEVELOPMENT_ASSET_PATHS = "\"Poli/Preview Content\"";
				DEVELOPMENT_TEAM = GKV299JR6D;
				ENABLE_PREVIEWS = YES;
				GENERATE_INFOPLIST_FILE = YES;
				INFOPLIST_KEY_UIApplicationSceneManifest_Generation = YES;
				INFOPLIST_KEY_UIApplicationSupportsIndirectInputEvents = YES;
				INFOPLIST_KEY_UILaunchScreen_Generation = YES;
				INFOPLIST_KEY_UISupportedInterfaceOrientations_iPad = "UIInterfaceOrientationPortrait UIInterfaceOrientationPortraitUpsideDown UIInterfaceOrientationLandscapeLeft UIInterfaceOrientationLandscapeRight";
				INFOPLIST_KEY_UISupportedInterfaceOrientations_iPhone = "UIInterfaceOrientationPortrait UIInterfaceOrientationLandscapeLeft UIInterfaceOrientationLandscapeRight";
				LD_RUNPATH_SEARCH_PATHS = (
					"$(inherited)",
					"@executable_path/Frameworks",
				);
				MARKETING_VERSION = 1.0;
				PRODUCT_BUNDLE_IDENTIFIER = com.Poli.Poli;
				PRODUCT_NAME = "$(TARGET_NAME)";
				SWIFT_EMIT_LOC_STRINGS = YES;
				SWIFT_VERSION = 5.0;
				TARGETED_DEVICE_FAMILY = "1,2";
			};
			name = Debug;
		};
		0B03DF192D19194E00266C86 /* Release */ = {
			isa = XCBuildConfiguration;
			buildSettings = {
				ASSETCATALOG_COMPILER_APPICON_NAME = AppIcon;
				ASSETCATALOG_COMPILER_GLOBAL_ACCENT_COLOR_NAME = AccentColor;
				CODE_SIGN_STYLE = Automatic;
				CURRENT_PROJECT_VERSION = 1;
				DEVELOPMENT_ASSET_PATHS = "\"Poli/Preview Content\"";
				DEVELOPMENT_TEAM = GKV299JR6D;
				ENABLE_PREVIEWS = YES;
				GENERATE_INFOPLIST_FILE = YES;
				INFOPLIST_KEY_UIApplicationSceneManifest_Generation = YES;
				INFOPLIST_KEY_UIApplicationSupportsIndirectInputEvents = YES;
				INFOPLIST_KEY_UILaunchScreen_Generation = YES;
				INFOPLIST_KEY_UISupportedInterfaceOrientations_iPad = "UIInterfaceOrientationPortrait UIInterfaceOrientationPortraitUpsideDown UIInterfaceOrientationLandscapeLeft UIInterfaceOrientationLandscapeRight";
				INFOPLIST_KEY_UISupportedInterfaceOrientations_iPhone = "UIInterfaceOrientationPortrait UIInterfaceOrientationLandscapeLeft UIInterfaceOrientationLandscapeRight";
				LD_RUNPATH_SEARCH_PATHS = (
					"$(inherited)",
					"@executable_path/Frameworks",
				);
				MARKETING_VERSION = 1.0;
				PRODUCT_BUNDLE_IDENTIFIER = com.Poli.Poli;
				PRODUCT_NAME = "$(TARGET_NAME)";
				SWIFT_EMIT_LOC_STRINGS = YES;
				SWIFT_VERSION = 5.0;
				TARGETED_DEVICE_FAMILY = "1,2";
			};
			name = Release;
		};
		0B03DF1B2D19194E00266C86 /* Debug */ = {
			isa = XCBuildConfiguration;
			buildSettings = {
				BUNDLE_LOADER = "$(TEST_HOST)";
				CODE_SIGN_STYLE = Automatic;
				CURRENT_PROJECT_VERSION = 1;
				GENERATE_INFOPLIST_FILE = YES;
				IPHONEOS_DEPLOYMENT_TARGET = 18.1;
				MARKETING_VERSION = 1.0;
				PRODUCT_BUNDLE_IDENTIFIER = com.Poli.PoliTests;
				PRODUCT_NAME = "$(TARGET_NAME)";
				SWIFT_EMIT_LOC_STRINGS = NO;
				SWIFT_VERSION = 5.0;
				TARGETED_DEVICE_FAMILY = "1,2";
				TEST_HOST = "$(BUILT_PRODUCTS_DIR)/Poli.app/$(BUNDLE_EXECUTABLE_FOLDER_PATH)/Poli";
			};
			name = Debug;
		};
		0B03DF1C2D19194E00266C86 /* Release */ = {
			isa = XCBuildConfiguration;
			buildSettings = {
				BUNDLE_LOADER = "$(TEST_HOST)";
				CODE_SIGN_STYLE = Automatic;
				CURRENT_PROJECT_VERSION = 1;
				GENERATE_INFOPLIST_FILE = YES;
				IPHONEOS_DEPLOYMENT_TARGET = 18.1;
				MARKETING_VERSION = 1.0;
				PRODUCT_BUNDLE_IDENTIFIER = com.Poli.PoliTests;
				PRODUCT_NAME = "$(TARGET_NAME)";
				SWIFT_EMIT_LOC_STRINGS = NO;
				SWIFT_VERSION = 5.0;
				TARGETED_DEVICE_FAMILY = "1,2";
				TEST_HOST = "$(BUILT_PRODUCTS_DIR)/Poli.app/$(BUNDLE_EXECUTABLE_FOLDER_PATH)/Poli";
			};
			name = Release;
		};
		0B03DF1E2D19194E00266C86 /* Debug */ = {
			isa = XCBuildConfiguration;
			buildSettings = {
				CODE_SIGN_STYLE = Automatic;
				CURRENT_PROJECT_VERSION = 1;
				GENERATE_INFOPLIST_FILE = YES;
				MARKETING_VERSION = 1.0;
				PRODUCT_BUNDLE_IDENTIFIER = com.Poli.PoliUITests;
				PRODUCT_NAME = "$(TARGET_NAME)";
				SWIFT_EMIT_LOC_STRINGS = NO;
				SWIFT_VERSION = 5.0;
				TARGETED_DEVICE_FAMILY = "1,2";
				TEST_TARGET_NAME = Poli;
			};
			name = Debug;
		};
		0B03DF1F2D19194E00266C86 /* Release */ = {
			isa = XCBuildConfiguration;
			buildSettings = {
				CODE_SIGN_STYLE = Automatic;
				CURRENT_PROJECT_VERSION = 1;
				GENERATE_INFOPLIST_FILE = YES;
				MARKETING_VERSION = 1.0;
				PRODUCT_BUNDLE_IDENTIFIER = com.Poli.PoliUITests;
				PRODUCT_NAME = "$(TARGET_NAME)";
				SWIFT_EMIT_LOC_STRINGS = NO;
				SWIFT_VERSION = 5.0;
				TARGETED_DEVICE_FAMILY = "1,2";
				TEST_TARGET_NAME = Poli;
			};
			name = Release;
		};
/* End XCBuildConfiguration section */

/* Begin XCConfigurationList section */
		0B03DEEE2D19194C00266C86 /* Build configuration list for PBXProject "Poli" */ = {
			isa = XCConfigurationList;
			buildConfigurations = (
				0B03DF152D19194E00266C86 /* Debug */,
				0B03DF162D19194E00266C86 /* Release */,
			);
			defaultConfigurationIsVisible = 0;
			defaultConfigurationName = Release;
		};
		0B03DF172D19194E00266C86 /* Build configuration list for PBXNativeTarget "Poli" */ = {
			isa = XCConfigurationList;
			buildConfigurations = (
				0B03DF182D19194E00266C86 /* Debug */,
				0B03DF192D19194E00266C86 /* Release */,
			);
			defaultConfigurationIsVisible = 0;
			defaultConfigurationName = Release;
		};
		0B03DF1A2D19194E00266C86 /* Build configuration list for PBXNativeTarget "PoliTests" */ = {
			isa = XCConfigurationList;
			buildConfigurations = (
				0B03DF1B2D19194E00266C86 /* Debug */,
				0B03DF1C2D19194E00266C86 /* Release */,
			);
			defaultConfigurationIsVisible = 0;
			defaultConfigurationName = Release;
		};
		0B03DF1D2D19194E00266C86 /* Build configuration list for PBXNativeTarget "PoliUITests" */ = {
			isa = XCConfigurationList;
			buildConfigurations = (
				0B03DF1E2D19194E00266C86 /* Debug */,
				0B03DF1F2D19194E00266C86 /* Release */,
			);
			defaultConfigurationIsVisible = 0;
			defaultConfigurationName = Release;
		};
/* End XCConfigurationList section */

/* Begin XCRemoteSwiftPackageReference section */
		0B03DF222D191DE600266C86 /* XCRemoteSwiftPackageReference "firebase-ios-sdk" */ = {
			isa = XCRemoteSwiftPackageReference;
			repositoryURL = "https://github.com/firebase/firebase-ios-sdk.git";
			requirement = {
				kind = upToNextMajorVersion;
				minimumVersion = 11.6.0;
			};
		};
/* End XCRemoteSwiftPackageReference section */

/* Begin XCSwiftPackageProductDependency section */
		0B03DF232D191DE600266C86 /* FirebaseAnalytics */ = {
			isa = XCSwiftPackageProductDependency;
			package = 0B03DF222D191DE600266C86 /* XCRemoteSwiftPackageReference "firebase-ios-sdk" */;
			productName = FirebaseAnalytics;
		};
		0B03DF252D191DE600266C86 /* FirebaseAnalyticsOnDeviceConversion */ = {
			isa = XCSwiftPackageProductDependency;
			package = 0B03DF222D191DE600266C86 /* XCRemoteSwiftPackageReference "firebase-ios-sdk" */;
			productName = FirebaseAnalyticsOnDeviceConversion;
		};
		0B03DF272D191DE600266C86 /* FirebaseAuth */ = {
			isa = XCSwiftPackageProductDependency;
			package = 0B03DF222D191DE600266C86 /* XCRemoteSwiftPackageReference "firebase-ios-sdk" */;
			productName = FirebaseAuth;
		};
		0B03DF292D191DE600266C86 /* FirebaseCore */ = {
			isa = XCSwiftPackageProductDependency;
			package = 0B03DF222D191DE600266C86 /* XCRemoteSwiftPackageReference "firebase-ios-sdk" */;
			productName = FirebaseCore;
		};
		0B03DF2B2D191DE600266C86 /* FirebaseDatabase */ = {
			isa = XCSwiftPackageProductDependency;
			package = 0B03DF222D191DE600266C86 /* XCRemoteSwiftPackageReference "firebase-ios-sdk" */;
			productName = FirebaseDatabase;
		};
		0B03DF2D2D191DE600266C86 /* FirebaseStorage */ = {
			isa = XCSwiftPackageProductDependency;
			package = 0B03DF222D191DE600266C86 /* XCRemoteSwiftPackageReference "firebase-ios-sdk" */;
			productName = FirebaseStorage;
		};
		0B03DF752D1D0BAF00266C86 /* FirebaseFirestore */ = {
			isa = XCSwiftPackageProductDependency;
			package = 0B03DF222D191DE600266C86 /* XCRemoteSwiftPackageReference "firebase-ios-sdk" */;
			productName = FirebaseFirestore;
		};
/* End XCSwiftPackageProductDependency section */
	};
	rootObject = 0B03DEEB2D19194C00266C86 /* Project object */;
}
